
Microsoft Visual Studio Solution File, Format Version 12.00
# Visual Studio Version 16
VisualStudioVersion = 16.0.30128.74
MinimumVisualStudioVersion = 10.0.40219.1
Project("{FAE04EC0-301F-11D3-BF4B-00C04F79EFBC}") = "Capsules.UWP", "Capsules\Capsules.UWP\Capsules.UWP.csproj", "{C6325AA8-746B-4462-BF34-FED3803CC418}"
EndProject
Project("{FAE04EC0-301F-11D3-BF4B-00C04F79EFBC}") = "Capsules.Android", "Capsules\Capsules.Android\Capsules.Android.csproj", "{0B62FC68-467A-4470-AF3D-E71E1D9D34C1}"
EndProject
Project("{FAE04EC0-301F-11D3-BF4B-00C04F79EFBC}") = "Capsules.iOS", "Capsules\Capsules.iOS\Capsules.iOS.csproj", "{A5C36662-5641-4218-A6E2-3C8ABACEE3A3}"
EndProject
Project("{FAE04EC0-301F-11D3-BF4B-00C04F79EFBC}") = "Capsules", "Capsules\Capsules\Capsules.csproj", "{58634EA7-87BB-46DB-B4B8-F23A6B471A14}"
EndProject
Global
	GlobalSection(SolutionConfigurationPlatforms) = preSolution
		Debug|Any CPU = Debug|Any CPU
		Debug|ARM = Debug|ARM
		Debug|iPhone = Debug|iPhone
		Debug|iPhoneSimulator = Debug|iPhoneSimulator
		Debug|x64 = Debug|x64
		Debug|x86 = Debug|x86
		Release|Any CPU = Release|Any CPU
		Release|ARM = Release|ARM
		Release|iPhone = Release|iPhone
		Release|iPhoneSimulator = Release|iPhoneSimulator
		Release|x64 = Release|x64
		Release|x86 = Release|x86
	EndGlobalSection
	GlobalSection(ProjectConfigurationPlatforms) = postSolution
		{C6325AA8-746B-4462-BF34-FED3803CC418}.Debug|Any CPU.ActiveCfg = Debug|x86
		{C6325AA8-746B-4462-BF34-FED3803CC418}.Debug|Any CPU.Build.0 = Debug|x86
		{C6325AA8-746B-4462-BF34-FED3803CC418}.Debug|Any CPU.Deploy.0 = Debug|x86
		{C6325AA8-746B-4462-BF34-FED3803CC418}.Debug|ARM.ActiveCfg = Debug|ARM
		{C6325AA8-746B-4462-BF34-FED3803CC418}.Debug|ARM.Build.0 = Debug|ARM
		{C6325AA8-746B-4462-BF34-FED3803CC418}.Debug|ARM.Deploy.0 = Debug|ARM
		{C6325AA8-746B-4462-BF34-FED3803CC418}.Debug|iPhone.ActiveCfg = Debug|x86
		{C6325AA8-746B-4462-BF34-FED3803CC418}.Debug|iPhone.Build.0 = Debug|x86
		{C6325AA8-746B-4462-BF34-FED3803CC418}.Debug|iPhone.Deploy.0 = Debug|x86
		{C6325AA8-746B-4462-BF34-FED3803CC418}.Debug|iPhoneSimulator.ActiveCfg = Debug|x86
		{C6325AA8-746B-4462-BF34-FED3803CC418}.Debug|iPhoneSimulator.Build.0 = Debug|x86
		{C6325AA8-746B-4462-BF34-FED3803CC418}.Debug|iPhoneSimulator.Deploy.0 = Debug|x86
		{C6325AA8-746B-4462-BF34-FED3803CC418}.Debug|x64.ActiveCfg = Debug|x64
		{C6325AA8-746B-4462-BF34-FED3803CC418}.Debug|x64.Build.0 = Debug|x64
		{C6325AA8-746B-4462-BF34-FED3803CC418}.Debug|x64.Deploy.0 = Debug|x64
		{C6325AA8-746B-4462-BF34-FED3803CC418}.Debug|x86.ActiveCfg = Debug|x86
		{C6325AA8-746B-4462-BF34-FED3803CC418}.Debug|x86.Build.0 = Debug|x86
		{C6325AA8-746B-4462-BF34-FED3803CC418}.Debug|x86.Deploy.0 = Debug|x86
		{C6325AA8-746B-4462-BF34-FED3803CC418}.Release|Any CPU.ActiveCfg = Release|x86
		{C6325AA8-746B-4462-BF34-FED3803CC418}.Release|Any CPU.Build.0 = Release|x86
		{C6325AA8-746B-4462-BF34-FED3803CC418}.Release|Any CPU.Deploy.0 = Release|x86
		{C6325AA8-746B-4462-BF34-FED3803CC418}.Release|ARM.ActiveCfg = Release|ARM
		{C6325AA8-746B-4462-BF34-FED3803CC418}.Release|ARM.Build.0 = Release|ARM
		{C6325AA8-746B-4462-BF34-FED3803CC418}.Release|ARM.Deploy.0 = Release|ARM
		{C6325AA8-746B-4462-BF34-FED3803CC418}.Release|iPhone.ActiveCfg = Release|x86
		{C6325AA8-746B-4462-BF34-FED3803CC418}.Release|iPhone.Build.0 = Release|x86
		{C6325AA8-746B-4462-BF34-FED3803CC418}.Release|iPhone.Deploy.0 = Release|x86
		{C6325AA8-746B-4462-BF34-FED3803CC418}.Release|iPhoneSimulator.ActiveCfg = Release|x86
		{C6325AA8-746B-4462-BF34-FED3803CC418}.Release|iPhoneSimulator.Build.0 = Release|x86
		{C6325AA8-746B-4462-BF34-FED3803CC418}.Release|iPhoneSimulator.Deploy.0 = Release|x86
		{C6325AA8-746B-4462-BF34-FED3803CC418}.Release|x64.ActiveCfg = Release|x64
		{C6325AA8-746B-4462-BF34-FED3803CC418}.Release|x64.Build.0 = Release|x64
		{C6325AA8-746B-4462-BF34-FED3803CC418}.Release|x64.Deploy.0 = Release|x64
		{C6325AA8-746B-4462-BF34-FED3803CC418}.Release|x86.ActiveCfg = Release|x86
		{C6325AA8-746B-4462-BF34-FED3803CC418}.Release|x86.Build.0 = Release|x86
		{C6325AA8-746B-4462-BF34-FED3803CC418}.Release|x86.Deploy.0 = Release|x86
		{0B62FC68-467A-4470-AF3D-E71E1D9D34C1}.Debug|Any CPU.ActiveCfg = Debug|Any CPU
		{0B62FC68-467A-4470-AF3D-E71E1D9D34C1}.Debug|Any CPU.Build.0 = Debug|Any CPU
		{0B62FC68-467A-4470-AF3D-E71E1D9D34C1}.Debug|Any CPU.Deploy.0 = Debug|Any CPU
		{0B62FC68-467A-4470-AF3D-E71E1D9D34C1}.Debug|ARM.ActiveCfg = Debug|Any CPU
		{0B62FC68-467A-4470-AF3D-E71E1D9D34C1}.Debug|ARM.Build.0 = Debug|Any CPU
		{0B62FC68-467A-4470-AF3D-E71E1D9D34C1}.Debug|ARM.Deploy.0 = Debug|Any CPU
		{0B62FC68-467A-4470-AF3D-E71E1D9D34C1}.Debug|iPhone.ActiveCfg = Debug|Any CPU
		{0B62FC68-467A-4470-AF3D-E71E1D9D34C1}.Debug|iPhone.Build.0 = Debug|Any CPU
		{0B62FC68-467A-4470-AF3D-E71E1D9D34C1}.Debug|iPhone.Deploy.0 = Debug|Any CPU
		{0B62FC68-467A-4470-AF3D-E71E1D9D34C1}.Debug|iPhoneSimulator.ActiveCfg = Debug|Any CPU
		{0B62FC68-467A-4470-AF3D-E71E1D9D34C1}.Debug|iPhoneSimulator.Build.0 = Debug|Any CPU
		{0B62FC68-467A-4470-AF3D-E71E1D9D34C1}.Debug|iPhoneSimulator.Deploy.0 = Debug|Any CPU
		{0B62FC68-467A-4470-AF3D-E71E1D9D34C1}.Debug|x64.ActiveCfg = Debug|Any CPU
		{0B62FC68-467A-4470-AF3D-E71E1D9D34C1}.Debug|x64.Build.0 = Debug|Any CPU
		{0B62FC68-467A-4470-AF3D-E71E1D9D34C1}.Debug|x64.Deploy.0 = Debug|Any CPU
		{0B62FC68-467A-4470-AF3D-E71E1D9D34C1}.Debug|x86.ActiveCfg = Debug|Any CPU
		{0B62FC68-467A-4470-AF3D-E71E1D9D34C1}.Debug|x86.Build.0 = Debug|Any CPU
		{0B62FC68-467A-4470-AF3D-E71E1D9D34C1}.Debug|x86.Deploy.0 = Debug|Any CPU
		{0B62FC68-467A-4470-AF3D-E71E1D9D34C1}.Release|Any CPU.ActiveCfg = Release|Any CPU
		{0B62FC68-467A-4470-AF3D-E71E1D9D34C1}.Release|Any CPU.Build.0 = Release|Any CPU
		{0B62FC68-467A-4470-AF3D-E71E1D9D34C1}.Release|Any CPU.Deploy.0 = Release|Any CPU
		{0B62FC68-467A-4470-AF3D-E71E1D9D34C1}.Release|ARM.ActiveCfg = Release|Any CPU
		{0B62FC68-467A-4470-AF3D-E71E1D9D34C1}.Release|ARM.Build.0 = Release|Any CPU
		{0B62FC68-467A-4470-AF3D-E71E1D9D34C1}.Release|ARM.Deploy.0 = Release|Any CPU
		{0B62FC68-467A-4470-AF3D-E71E1D9D34C1}.Release|iPhone.ActiveCfg = Release|Any CPU
		{0B62FC68-467A-4470-AF3D-E71E1D9D34C1}.Release|iPhone.Build.0 = Release|Any CPU
		{0B62FC68-467A-4470-AF3D-E71E1D9D34C1}.Release|iPhone.Deploy.0 = Release|Any CPU
		{0B62FC68-467A-4470-AF3D-E71E1D9D34C1}.Release|iPhoneSimulator.ActiveCfg = Release|Any CPU
		{0B62FC68-467A-4470-AF3D-E71E1D9D34C1}.Release|iPhoneSimulator.Build.0 = Release|Any CPU
		{0B62FC68-467A-4470-AF3D-E71E1D9D34C1}.Release|iPhoneSimulator.Deploy.0 = Release|Any CPU
		{0B62FC68-467A-4470-AF3D-E71E1D9D34C1}.Release|x64.ActiveCfg = Release|Any CPU
		{0B62FC68-467A-4470-AF3D-E71E1D9D34C1}.Release|x64.Build.0 = Release|Any CPU
		{0B62FC68-467A-4470-AF3D-E71E1D9D34C1}.Release|x64.Deploy.0 = Release|Any CPU
		{0B62FC68-467A-4470-AF3D-E71E1D9D34C1}.Release|x86.ActiveCfg = Release|Any CPU
		{0B62FC68-467A-4470-AF3D-E71E1D9D34C1}.Release|x86.Build.0 = Release|Any CPU
		{0B62FC68-467A-4470-AF3D-E71E1D9D34C1}.Release|x86.Deploy.0 = Release|Any CPU
		{A5C36662-5641-4218-A6E2-3C8ABACEE3A3}.Debug|Any CPU.ActiveCfg = Debug|iPhone
		{A5C36662-5641-4218-A6E2-3C8ABACEE3A3}.Debug|Any CPU.Build.0 = Debug|iPhone
		{A5C36662-5641-4218-A6E2-3C8ABACEE3A3}.Debug|Any CPU.Deploy.0 = Debug|iPhone
		{A5C36662-5641-4218-A6E2-3C8ABACEE3A3}.Debug|ARM.ActiveCfg = Debug|iPhone
		{A5C36662-5641-4218-A6E2-3C8ABACEE3A3}.Debug|ARM.Build.0 = Debug|iPhone
		{A5C36662-5641-4218-A6E2-3C8ABACEE3A3}.Debug|ARM.Deploy.0 = Debug|iPhone
		{A5C36662-5641-4218-A6E2-3C8ABACEE3A3}.Debug|iPhone.ActiveCfg = Debug|iPhone
		{A5C36662-5641-4218-A6E2-3C8ABACEE3A3}.Debug|iPhone.Build.0 = Debug|iPhone
		{A5C36662-5641-4218-A6E2-3C8ABACEE3A3}.Debug|iPhone.Deploy.0 = Debug|iPhone
		{A5C36662-5641-4218-A6E2-3C8ABACEE3A3}.Debug|iPhoneSimulator.ActiveCfg = Debug|iPhoneSimulator
		{A5C36662-5641-4218-A6E2-3C8ABACEE3A3}.Debug|iPhoneSimulator.Build.0 = Debug|iPhoneSimulator
		{A5C36662-5641-4218-A6E2-3C8ABACEE3A3}.Debug|iPhoneSimulator.Deploy.0 = Debug|iPhoneSimulator
		{A5C36662-5641-4218-A6E2-3C8ABACEE3A3}.Debug|x64.ActiveCfg = Debug|iPhone
		{A5C36662-5641-4218-A6E2-3C8ABACEE3A3}.Debug|x64.Build.0 = Debug|iPhone
		{A5C36662-5641-4218-A6E2-3C8ABACEE3A3}.Debug|x64.Deploy.0 = Debug|iPhone
		{A5C36662-5641-4218-A6E2-3C8ABACEE3A3}.Debug|x86.ActiveCfg = Debug|iPhone
		{A5C36662-5641-4218-A6E2-3C8ABACEE3A3}.Debug|x86.Build.0 = Debug|iPhone
		{A5C36662-5641-4218-A6E2-3C8ABACEE3A3}.Debug|x86.Deploy.0 = Debug|iPhone
		{A5C36662-5641-4218-A6E2-3C8ABACEE3A3}.Release|Any CPU.ActiveCfg = Release|iPhone
		{A5C36662-5641-4218-A6E2-3C8ABACEE3A3}.Release|Any CPU.Build.0 = Release|iPhone
		{A5C36662-5641-4218-A6E2-3C8ABACEE3A3}.Release|Any CPU.Deploy.0 = Release|iPhone
		{A5C36662-5641-4218-A6E2-3C8ABACEE3A3}.Release|ARM.ActiveCfg = Release|iPhone
		{A5C36662-5641-4218-A6E2-3C8ABACEE3A3}.Release|ARM.Build.0 = Release|iPhone
		{A5C36662-5641-4218-A6E2-3C8ABACEE3A3}.Release|ARM.Deploy.0 = Release|iPhone
		{A5C36662-5641-4218-A6E2-3C8ABACEE3A3}.Release|iPhone.ActiveCfg = Release|iPhone
		{A5C36662-5641-4218-A6E2-3C8ABACEE3A3}.Release|iPhone.Build.0 = Release|iPhone
		{A5C36662-5641-4218-A6E2-3C8ABACEE3A3}.Release|iPhone.Deploy.0 = Release|iPhone
		{A5C36662-5641-4218-A6E2-3C8ABACEE3A3}.Release|iPhoneSimulator.ActiveCfg = Release|iPhoneSimulator
		{A5C36662-5641-4218-A6E2-3C8ABACEE3A3}.Release|iPhoneSimulator.Build.0 = Release|iPhoneSimulator
		{A5C36662-5641-4218-A6E2-3C8ABACEE3A3}.Release|iPhoneSimulator.Deploy.0 = Release|iPhoneSimulator
		{A5C36662-5641-4218-A6E2-3C8ABACEE3A3}.Release|x64.ActiveCfg = Release|iPhone
		{A5C36662-5641-4218-A6E2-3C8ABACEE3A3}.Release|x64.Build.0 = Release|iPhone
		{A5C36662-5641-4218-A6E2-3C8ABACEE3A3}.Release|x64.Deploy.0 = Release|iPhone
		{A5C36662-5641-4218-A6E2-3C8ABACEE3A3}.Release|x86.ActiveCfg = Release|iPhone
		{A5C36662-5641-4218-A6E2-3C8ABACEE3A3}.Release|x86.Build.0 = Release|iPhone
		{A5C36662-5641-4218-A6E2-3C8ABACEE3A3}.Release|x86.Deploy.0 = Release|iPhone
		{58634EA7-87BB-46DB-B4B8-F23A6B471A14}.Debug|Any CPU.ActiveCfg = Debug|Any CPU
		{58634EA7-87BB-46DB-B4B8-F23A6B471A14}.Debug|Any CPU.Build.0 = Debug|Any CPU
		{58634EA7-87BB-46DB-B4B8-F23A6B471A14}.Debug|Any CPU.Deploy.0 = Debug|Any CPU
		{58634EA7-87BB-46DB-B4B8-F23A6B471A14}.Debug|ARM.ActiveCfg = Debug|Any CPU
		{58634EA7-87BB-46DB-B4B8-F23A6B471A14}.Debug|ARM.Build.0 = Debug|Any CPU
		{58634EA7-87BB-46DB-B4B8-F23A6B471A14}.Debug|ARM.Deploy.0 = Debug|Any CPU
		{58634EA7-87BB-46DB-B4B8-F23A6B471A14}.Debug|iPhone.ActiveCfg = Debug|Any CPU
		{58634EA7-87BB-46DB-B4B8-F23A6B471A14}.Debug|iPhone.Build.0 = Debug|Any CPU
		{58634EA7-87BB-46DB-B4B8-F23A6B471A14}.Debug|iPhone.Deploy.0 = Debug|Any CPU
		{58634EA7-87BB-46DB-B4B8-F23A6B471A14}.Debug|iPhoneSimulator.ActiveCfg = Debug|Any CPU
		{58634EA7-87BB-46DB-B4B8-F23A6B471A14}.Debug|iPhoneSimulator.Build.0 = Debug|Any CPU
		{58634EA7-87BB-46DB-B4B8-F23A6B471A14}.Debug|iPhoneSimulator.Deploy.0 = Debug|Any CPU
		{58634EA7-87BB-46DB-B4B8-F23A6B471A14}.Debug|x64.ActiveCfg = Debug|Any CPU
		{58634EA7-87BB-46DB-B4B8-F23A6B471A14}.Debug|x64.Build.0 = Debug|Any CPU
		{58634EA7-87BB-46DB-B4B8-F23A6B471A14}.Debug|x64.Deploy.0 = Debug|Any CPU
		{58634EA7-87BB-46DB-B4B8-F23A6B471A14}.Debug|x86.ActiveCfg = Debug|Any CPU
		{58634EA7-87BB-46DB-B4B8-F23A6B471A14}.Debug|x86.Build.0 = Debug|Any CPU
		{58634EA7-87BB-46DB-B4B8-F23A6B471A14}.Debug|x86.Deploy.0 = Debug|Any CPU
		{58634EA7-87BB-46DB-B4B8-F23A6B471A14}.Release|Any CPU.ActiveCfg = Release|Any CPU
		{58634EA7-87BB-46DB-B4B8-F23A6B471A14}.Release|Any CPU.Build.0 = Release|Any CPU
		{58634EA7-87BB-46DB-B4B8-F23A6B471A14}.Release|Any CPU.Deploy.0 = Release|Any CPU
		{58634EA7-87BB-46DB-B4B8-F23A6B471A14}.Release|ARM.ActiveCfg = Release|Any CPU
		{58634EA7-87BB-46DB-B4B8-F23A6B471A14}.Release|ARM.Build.0 = Release|Any CPU
		{58634EA7-87BB-46DB-B4B8-F23A6B471A14}.Release|ARM.Deploy.0 = Release|Any CPU
		{58634EA7-87BB-46DB-B4B8-F23A6B471A14}.Release|iPhone.ActiveCfg = Release|Any CPU
		{58634EA7-87BB-46DB-B4B8-F23A6B471A14}.Release|iPhone.Build.0 = Release|Any CPU
		{58634EA7-87BB-46DB-B4B8-F23A6B471A14}.Release|iPhone.Deploy.0 = Release|Any CPU
		{58634EA7-87BB-46DB-B4B8-F23A6B471A14}.Release|iPhoneSimulator.ActiveCfg = Release|Any CPU
		{58634EA7-87BB-46DB-B4B8-F23A6B471A14}.Release|iPhoneSimulator.Build.0 = Release|Any CPU
		{58634EA7-87BB-46DB-B4B8-F23A6B471A14}.Release|iPhoneSimulator.Deploy.0 = Release|Any CPU
		{58634EA7-87BB-46DB-B4B8-F23A6B471A14}.Release|x64.ActiveCfg = Release|Any CPU
		{58634EA7-87BB-46DB-B4B8-F23A6B471A14}.Release|x64.Build.0 = Release|Any CPU
		{58634EA7-87BB-46DB-B4B8-F23A6B471A14}.Release|x64.Deploy.0 = Release|Any CPU
		{58634EA7-87BB-46DB-B4B8-F23A6B471A14}.Release|x86.ActiveCfg = Release|Any CPU
		{58634EA7-87BB-46DB-B4B8-F23A6B471A14}.Release|x86.Build.0 = Release|Any CPU
		{58634EA7-87BB-46DB-B4B8-F23A6B471A14}.Release|x86.Deploy.0 = Release|Any CPU
	EndGlobalSection
	GlobalSection(SolutionProperties) = preSolution
		HideSolutionNode = FALSE
	EndGlobalSection
	GlobalSection(ExtensibilityGlobals) = postSolution
		SolutionGuid = {98BC3415-F235-4A04-A1CD-787DEEB6BC12}
	EndGlobalSection
EndGlobal
